
Microsoft Visual Studio Solution File, Format Version 12.00
# Visual Studio Version 16
VisualStudioVersion = 16.0.28803.352
MinimumVisualStudioVersion = 10.0.40219.1
Project("{FAE04EC0-301F-11D3-BF4B-00C04F79EFBC}") = "Cauldron", "Cauldron\Cauldron.csproj", "{2BCC70A8-BDEC-40D5-B674-7436314A5937}"
EndProject
Global
	GlobalSection(SolutionConfigurationPlatforms) = preSolution
		Debug|Any CPU = Debug|Any CPU
		Release|Any CPU = Release|Any CPU
	EndGlobalSection
	GlobalSection(ProjectConfigurationPlatforms) = postSolution
		{2BCC70A8-BDEC-40D5-B674-7436314A5937}.Debug|Any CPU.ActiveCfg = Debug|Any CPU
		{2BCC70A8-BDEC-40D5-B674-7436314A5937}.Debug|Any CPU.Build.0 = Debug|Any CPU
		{2BCC70A8-BDEC-40D5-B674-7436314A5937}.Release|Any CPU.ActiveCfg = Release|Any CPU
		{2BCC70A8-BDEC-40D5-B674-7436314A5937}.Release|Any CPU.Build.0 = Release|Any CPU
	EndGlobalSection
	GlobalSection(SolutionProperties) = preSolution
		HideSolutionNode = FALSE
	EndGlobalSection
	GlobalSection(ExtensibilityGlobals) = postSolution
		SolutionGuid = {D3F546D2-28F1-4D71-974B-2A1F547FC1B9}
	EndGlobalSection
EndGlobal
